
Microsoft Visual Studio Solution File, Format Version 12.00
# Visual Studio Version 17
VisualStudioVersion = 17.0.31903.59
MinimumVisualStudioVersion = 10.0.40219.1
Project("{2150E333-8FDC-42A3-9474-1A3956D46DE8}") = "src", "src", "{7D1516F7-BA59-4F57-A0D0-06B4C7DB508C}"
EndProject
Project("{FAE04EC0-301F-11D3-BF4B-00C04F79EFBC}") = "OpenLeanPrint.Core", "src\OpenLeanPrint.Core\OpenLeanPrint.Core.csproj", "{9A2DE326-7284-4778-B860-D8644BA66736}"
EndProject
Project("{FAE04EC0-301F-11D3-BF4B-00C04F79EFBC}") = "OpenLeanPrint.Capture", "src\OpenLeanPrint.Capture\OpenLeanPrint.Capture.csproj", "{BB120ECC-75DA-43E5-898E-AF81B8494DBE}"
EndProject
Project("{FAE04EC0-301F-11D3-BF4B-00C04F79EFBC}") = "OpenLeanPrint.Capture.Host", "src\OpenLeanPrint.Capture.Host\OpenLeanPrint.Capture.Host.csproj", "{288B6726-7B4A-4432-815E-AF071C45F752}"
EndProject
Project("{FAE04EC0-301F-11D3-BF4B-00C04F79EFBC}") = "OpenLeanPrint.Compose", "src\OpenLeanPrint.Compose\OpenLeanPrint.Compose.csproj", "{62FD4EBD-3E91-4A33-9BFE-C50024683F30}"
EndProject
Project("{FAE04EC0-301F-11D3-BF4B-00C04F79EFBC}") = "OpenLeanPrint.Print", "src\OpenLeanPrint.Print\OpenLeanPrint.Print.csproj", "{8B1ECC20-9EDE-44D7-B5A1-7619E223CDA4}"
EndProject
Project("{FAE04EC0-301F-11D3-BF4B-00C04F79EFBC}") = "OpenLeanPrint.Cli", "src\OpenLeanPrint.Cli\OpenLeanPrint.Cli.csproj", "{78360858-060B-46EC-97BB-0939822D1CB4}"
EndProject
Project("{FAE04EC0-301F-11D3-BF4B-00C04F79EFBC}") = "OpenLeanPrint.App", "src\OpenLeanPrint.App\OpenLeanPrint.App.csproj", "{4EEA5DC6-E9A1-460A-95A2-8E4BEBC16539}"
EndProject
Project("{2150E333-8FDC-42A3-9474-1A3956D46DE8}") = "tests", "tests", "{FE806221-2314-47A3-A033-A05F50DB8C72}"
EndProject
Project("{FAE04EC0-301F-11D3-BF4B-00C04F79EFBC}") = "OpenLeanPrint.Core.Tests", "tests\OpenLeanPrint.Core.Tests\OpenLeanPrint.Core.Tests.csproj", "{D67F57C3-10BA-4C3D-AA70-0DECAEAB286D}"
EndProject
Project("{FAE04EC0-301F-11D3-BF4B-00C04F79EFBC}") = "OpenLeanPrint.Capture.Tests", "tests\OpenLeanPrint.Capture.Tests\OpenLeanPrint.Capture.Tests.csproj", "{FF398E4D-305E-42A8-9B5C-B8908DA1B901}"
EndProject
Project("{FAE04EC0-301F-11D3-BF4B-00C04F79EFBC}") = "OpenLeanPrint.Compose.Tests", "tests\OpenLeanPrint.Compose.Tests\OpenLeanPrint.Compose.Tests.csproj", "{D07F221A-FDF9-4115-BA5D-20C0348E4CA8}"
EndProject
Project("{FAE04EC0-301F-11D3-BF4B-00C04F79EFBC}") = "OpenLeanPrint.Print.Tests", "tests\OpenLeanPrint.Print.Tests\OpenLeanPrint.Print.Tests.csproj", "{321598EF-50FE-415A-9334-F583232EE337}"
EndProject
Global
	GlobalSection(SolutionConfigurationPlatforms) = preSolution
		Debug|Any CPU = Debug|Any CPU
		Release|Any CPU = Release|Any CPU
	EndGlobalSection
	GlobalSection(SolutionProperties) = preSolution
		HideSolutionNode = FALSE
	EndGlobalSection
	GlobalSection(ProjectConfigurationPlatforms) = postSolution
		{9A2DE326-7284-4778-B860-D8644BA66736}.Debug|Any CPU.ActiveCfg = Debug|Any CPU
		{9A2DE326-7284-4778-B860-D8644BA66736}.Debug|Any CPU.Build.0 = Debug|Any CPU
		{9A2DE326-7284-4778-B860-D8644BA66736}.Release|Any CPU.ActiveCfg = Release|Any CPU
		{9A2DE326-7284-4778-B860-D8644BA66736}.Release|Any CPU.Build.0 = Release|Any CPU
		{BB120ECC-75DA-43E5-898E-AF81B8494DBE}.Debug|Any CPU.ActiveCfg = Debug|Any CPU
		{BB120ECC-75DA-43E5-898E-AF81B8494DBE}.Debug|Any CPU.Build.0 = Debug|Any CPU
		{BB120ECC-75DA-43E5-898E-AF81B8494DBE}.Release|Any CPU.ActiveCfg = Release|Any CPU
		{BB120ECC-75DA-43E5-898E-AF81B8494DBE}.Release|Any CPU.Build.0 = Release|Any CPU
		{288B6726-7B4A-4432-815E-AF071C45F752}.Debug|Any CPU.ActiveCfg = Debug|Any CPU
		{288B6726-7B4A-4432-815E-AF071C45F752}.Debug|Any CPU.Build.0 = Debug|Any CPU
		{288B6726-7B4A-4432-815E-AF071C45F752}.Release|Any CPU.ActiveCfg = Release|Any CPU
		{288B6726-7B4A-4432-815E-AF071C45F752}.Release|Any CPU.Build.0 = Release|Any CPU
		{62FD4EBD-3E91-4A33-9BFE-C50024683F30}.Debug|Any CPU.ActiveCfg = Debug|Any CPU
		{62FD4EBD-3E91-4A33-9BFE-C50024683F30}.Debug|Any CPU.Build.0 = Debug|Any CPU
		{62FD4EBD-3E91-4A33-9BFE-C50024683F30}.Release|Any CPU.ActiveCfg = Release|Any CPU
		{62FD4EBD-3E91-4A33-9BFE-C50024683F30}.Release|Any CPU.Build.0 = Release|Any CPU
		{8B1ECC20-9EDE-44D7-B5A1-7619E223CDA4}.Debug|Any CPU.ActiveCfg = Debug|Any CPU
		{8B1ECC20-9EDE-44D7-B5A1-7619E223CDA4}.Debug|Any CPU.Build.0 = Debug|Any CPU
		{8B1ECC20-9EDE-44D7-B5A1-7619E223CDA4}.Release|Any CPU.ActiveCfg = Release|Any CPU
		{8B1ECC20-9EDE-44D7-B5A1-7619E223CDA4}.Release|Any CPU.Build.0 = Release|Any CPU
		{78360858-060B-46EC-97BB-0939822D1CB4}.Debug|Any CPU.ActiveCfg = Debug|Any CPU
		{78360858-060B-46EC-97BB-0939822D1CB4}.Debug|Any CPU.Build.0 = Debug|Any CPU
		{78360858-060B-46EC-97BB-0939822D1CB4}.Release|Any CPU.ActiveCfg = Release|Any CPU
		{78360858-060B-46EC-97BB-0939822D1CB4}.Release|Any CPU.Build.0 = Release|Any CPU
		{4EEA5DC6-E9A1-460A-95A2-8E4BEBC16539}.Debug|Any CPU.ActiveCfg = Debug|Any CPU
		{4EEA5DC6-E9A1-460A-95A2-8E4BEBC16539}.Debug|Any CPU.Build.0 = Debug|Any CPU
		{4EEA5DC6-E9A1-460A-95A2-8E4BEBC16539}.Release|Any CPU.ActiveCfg = Release|Any CPU
		{4EEA5DC6-E9A1-460A-95A2-8E4BEBC16539}.Release|Any CPU.Build.0 = Release|Any CPU
		{D67F57C3-10BA-4C3D-AA70-0DECAEAB286D}.Debug|Any CPU.ActiveCfg = Debug|Any CPU
		{D67F57C3-10BA-4C3D-AA70-0DECAEAB286D}.Debug|Any CPU.Build.0 = Debug|Any CPU
		{D67F57C3-10BA-4C3D-AA70-0DECAEAB286D}.Release|Any CPU.ActiveCfg = Release|Any CPU
		{D67F57C3-10BA-4C3D-AA70-0DECAEAB286D}.Release|Any CPU.Build.0 = Release|Any CPU
		{FF398E4D-305E-42A8-9B5C-B8908DA1B901}.Debug|Any CPU.ActiveCfg = Debug|Any CPU
		{FF398E4D-305E-42A8-9B5C-B8908DA1B901}.Debug|Any CPU.Build.0 = Debug|Any CPU
		{FF398E4D-305E-42A8-9B5C-B8908DA1B901}.Release|Any CPU.ActiveCfg = Release|Any CPU
		{FF398E4D-305E-42A8-9B5C-B8908DA1B901}.Release|Any CPU.Build.0 = Release|Any CPU
		{D07F221A-FDF9-4115-BA5D-20C0348E4CA8}.Debug|Any CPU.ActiveCfg = Debug|Any CPU
		{D07F221A-FDF9-4115-BA5D-20C0348E4CA8}.Debug|Any CPU.Build.0 = Debug|Any CPU
		{D07F221A-FDF9-4115-BA5D-20C0348E4CA8}.Release|Any CPU.ActiveCfg = Release|Any CPU
		{D07F221A-FDF9-4115-BA5D-20C0348E4CA8}.Release|Any CPU.Build.0 = Release|Any CPU
		{321598EF-50FE-415A-9334-F583232EE337}.Debug|Any CPU.ActiveCfg = Debug|Any CPU
		{321598EF-50FE-415A-9334-F583232EE337}.Debug|Any CPU.Build.0 = Debug|Any CPU
		{321598EF-50FE-415A-9334-F583232EE337}.Release|Any CPU.ActiveCfg = Release|Any CPU
		{321598EF-50FE-415A-9334-F583232EE337}.Release|Any CPU.Build.0 = Release|Any CPU
	EndGlobalSection
	GlobalSection(NestedProjects) = preSolution
		{9A2DE326-7284-4778-B860-D8644BA66736} = {7D1516F7-BA59-4F57-A0D0-06B4C7DB508C}
		{BB120ECC-75DA-43E5-898E-AF81B8494DBE} = {7D1516F7-BA59-4F57-A0D0-06B4C7DB508C}
		{288B6726-7B4A-4432-815E-AF071C45F752} = {7D1516F7-BA59-4F57-A0D0-06B4C7DB508C}
		{62FD4EBD-3E91-4A33-9BFE-C50024683F30} = {7D1516F7-BA59-4F57-A0D0-06B4C7DB508C}
		{8B1ECC20-9EDE-44D7-B5A1-7619E223CDA4} = {7D1516F7-BA59-4F57-A0D0-06B4C7DB508C}
		{78360858-060B-46EC-97BB-0939822D1CB4} = {7D1516F7-BA59-4F57-A0D0-06B4C7DB508C}
		{4EEA5DC6-E9A1-460A-95A2-8E4BEBC16539} = {7D1516F7-BA59-4F57-A0D0-06B4C7DB508C}
		{D67F57C3-10BA-4C3D-AA70-0DECAEAB286D} = {FE806221-2314-47A3-A033-A05F50DB8C72}
		{FF398E4D-305E-42A8-9B5C-B8908DA1B901} = {FE806221-2314-47A3-A033-A05F50DB8C72}
		{D07F221A-FDF9-4115-BA5D-20C0348E4CA8} = {FE806221-2314-47A3-A033-A05F50DB8C72}
		{321598EF-50FE-415A-9334-F583232EE337} = {FE806221-2314-47A3-A033-A05F50DB8C72}
	EndGlobalSection
EndGlobal
