
Microsoft Visual Studio Solution File, Format Version 12.00
# Visual Studio Version 17
VisualStudioVersion = 17.0.31903.59
MinimumVisualStudioVersion = 10.0.40219.1
Project("{2150E333-8FDC-42A3-9474-1A3956D46DE8}") = "src", "src", "{07EB3304-EFF7-4292-9108-F3E2338817C8}"
EndProject
Project("{FAE04EC0-301F-11D3-BF4B-00C04F79EFBC}") = "OpenLeanPrint.Core", "src\OpenLeanPrint.Core\OpenLeanPrint.Core.csproj", "{9BA115A7-845A-4B3A-920F-D415BF8AE9AA}"
EndProject
Project("{2150E333-8FDC-42A3-9474-1A3956D46DE8}") = "tests", "tests", "{AC2D8352-3B13-483B-9741-24A442AEA028}"
EndProject
Project("{FAE04EC0-301F-11D3-BF4B-00C04F79EFBC}") = "OpenLeanPrint.Core.Tests", "tests\OpenLeanPrint.Core.Tests\OpenLeanPrint.Core.Tests.csproj", "{4EA1AA3F-9C88-4284-8452-CE80E1F4C77C}"
EndProject
Project("{FAE04EC0-301F-11D3-BF4B-00C04F79EFBC}") = "OpenLeanPrint.Capture", "src\OpenLeanPrint.Capture\OpenLeanPrint.Capture.csproj", "{2947DD5D-B31E-486A-BD45-D187883EDFDE}"
EndProject
Project("{FAE04EC0-301F-11D3-BF4B-00C04F79EFBC}") = "OpenLeanPrint.Capture.Tests", "tests\OpenLeanPrint.Capture.Tests\OpenLeanPrint.Capture.Tests.csproj", "{C1512BEF-02C5-4148-A625-6D4B4F6F7488}"
EndProject
Project("{FAE04EC0-301F-11D3-BF4B-00C04F79EFBC}") = "OpenLeanPrint.Capture.Host", "src\OpenLeanPrint.Capture.Host\OpenLeanPrint.Capture.Host.csproj", "{D389CCA0-541A-444A-9946-5354DAA57B68}"
EndProject
Project("{FAE04EC0-301F-11D3-BF4B-00C04F79EFBC}") = "OpenLeanPrint.Compose", "src\OpenLeanPrint.Compose\OpenLeanPrint.Compose.csproj", "{08DF24EB-21D8-4830-B1A0-AD42F3B61EAA}"
EndProject
Project("{FAE04EC0-301F-11D3-BF4B-00C04F79EFBC}") = "OpenLeanPrint.Compose.Tests", "tests\OpenLeanPrint.Compose.Tests\OpenLeanPrint.Compose.Tests.csproj", "{37DC829C-AB0C-44BB-9FA8-9C911C0F3CD7}"
EndProject
Project("{FAE04EC0-301F-11D3-BF4B-00C04F79EFBC}") = "OpenLeanPrint.Cli", "src\OpenLeanPrint.Cli\OpenLeanPrint.Cli.csproj", "{1C17D45C-739E-4B07-8901-987A4F3EEC62}"
EndProject
Project("{FAE04EC0-301F-11D3-BF4B-00C04F79EFBC}") = "OpenLeanPrint.Print", "src\OpenLeanPrint.Print\OpenLeanPrint.Print.csproj", "{5561CDF5-B4EB-4FA6-9D77-9EE4A9345E2D}"
EndProject
Project("{FAE04EC0-301F-11D3-BF4B-00C04F79EFBC}") = "OpenLeanPrint.Print.Tests", "tests\OpenLeanPrint.Print.Tests\OpenLeanPrint.Print.Tests.csproj", "{71FAEC69-BE7F-4B91-BD1F-054631C6D9AA}"
EndProject
Global
	GlobalSection(SolutionConfigurationPlatforms) = preSolution
		Debug|Any CPU = Debug|Any CPU
		Release|Any CPU = Release|Any CPU
	EndGlobalSection
	GlobalSection(SolutionProperties) = preSolution
		HideSolutionNode = FALSE
	EndGlobalSection
	GlobalSection(ProjectConfigurationPlatforms) = postSolution
		{9BA115A7-845A-4B3A-920F-D415BF8AE9AA}.Debug|Any CPU.ActiveCfg = Debug|Any CPU
		{9BA115A7-845A-4B3A-920F-D415BF8AE9AA}.Debug|Any CPU.Build.0 = Debug|Any CPU
		{9BA115A7-845A-4B3A-920F-D415BF8AE9AA}.Release|Any CPU.ActiveCfg = Release|Any CPU
		{9BA115A7-845A-4B3A-920F-D415BF8AE9AA}.Release|Any CPU.Build.0 = Release|Any CPU
		{4EA1AA3F-9C88-4284-8452-CE80E1F4C77C}.Debug|Any CPU.ActiveCfg = Debug|Any CPU
		{4EA1AA3F-9C88-4284-8452-CE80E1F4C77C}.Debug|Any CPU.Build.0 = Debug|Any CPU
		{4EA1AA3F-9C88-4284-8452-CE80E1F4C77C}.Release|Any CPU.ActiveCfg = Release|Any CPU
		{4EA1AA3F-9C88-4284-8452-CE80E1F4C77C}.Release|Any CPU.Build.0 = Release|Any CPU
		{2947DD5D-B31E-486A-BD45-D187883EDFDE}.Debug|Any CPU.ActiveCfg = Debug|Any CPU
		{2947DD5D-B31E-486A-BD45-D187883EDFDE}.Debug|Any CPU.Build.0 = Debug|Any CPU
		{2947DD5D-B31E-486A-BD45-D187883EDFDE}.Release|Any CPU.ActiveCfg = Release|Any CPU
		{2947DD5D-B31E-486A-BD45-D187883EDFDE}.Release|Any CPU.Build.0 = Release|Any CPU
		{C1512BEF-02C5-4148-A625-6D4B4F6F7488}.Debug|Any CPU.ActiveCfg = Debug|Any CPU
		{C1512BEF-02C5-4148-A625-6D4B4F6F7488}.Debug|Any CPU.Build.0 = Debug|Any CPU
		{C1512BEF-02C5-4148-A625-6D4B4F6F7488}.Release|Any CPU.ActiveCfg = Release|Any CPU
		{C1512BEF-02C5-4148-A625-6D4B4F6F7488}.Release|Any CPU.Build.0 = Release|Any CPU
		{D389CCA0-541A-444A-9946-5354DAA57B68}.Debug|Any CPU.ActiveCfg = Debug|Any CPU
		{D389CCA0-541A-444A-9946-5354DAA57B68}.Debug|Any CPU.Build.0 = Debug|Any CPU
		{D389CCA0-541A-444A-9946-5354DAA57B68}.Release|Any CPU.ActiveCfg = Release|Any CPU
		{D389CCA0-541A-444A-9946-5354DAA57B68}.Release|Any CPU.Build.0 = Release|Any CPU
		{08DF24EB-21D8-4830-B1A0-AD42F3B61EAA}.Debug|Any CPU.ActiveCfg = Debug|Any CPU
		{08DF24EB-21D8-4830-B1A0-AD42F3B61EAA}.Debug|Any CPU.Build.0 = Debug|Any CPU
		{08DF24EB-21D8-4830-B1A0-AD42F3B61EAA}.Release|Any CPU.ActiveCfg = Release|Any CPU
		{08DF24EB-21D8-4830-B1A0-AD42F3B61EAA}.Release|Any CPU.Build.0 = Release|Any CPU
		{37DC829C-AB0C-44BB-9FA8-9C911C0F3CD7}.Debug|Any CPU.ActiveCfg = Debug|Any CPU
		{37DC829C-AB0C-44BB-9FA8-9C911C0F3CD7}.Debug|Any CPU.Build.0 = Debug|Any CPU
		{37DC829C-AB0C-44BB-9FA8-9C911C0F3CD7}.Release|Any CPU.ActiveCfg = Release|Any CPU
		{37DC829C-AB0C-44BB-9FA8-9C911C0F3CD7}.Release|Any CPU.Build.0 = Release|Any CPU
		{1C17D45C-739E-4B07-8901-987A4F3EEC62}.Debug|Any CPU.ActiveCfg = Debug|Any CPU
		{1C17D45C-739E-4B07-8901-987A4F3EEC62}.Debug|Any CPU.Build.0 = Debug|Any CPU
		{1C17D45C-739E-4B07-8901-987A4F3EEC62}.Release|Any CPU.ActiveCfg = Release|Any CPU
		{1C17D45C-739E-4B07-8901-987A4F3EEC62}.Release|Any CPU.Build.0 = Release|Any CPU
		{5561CDF5-B4EB-4FA6-9D77-9EE4A9345E2D}.Debug|Any CPU.ActiveCfg = Debug|Any CPU
		{5561CDF5-B4EB-4FA6-9D77-9EE4A9345E2D}.Debug|Any CPU.Build.0 = Debug|Any CPU
		{5561CDF5-B4EB-4FA6-9D77-9EE4A9345E2D}.Release|Any CPU.ActiveCfg = Release|Any CPU
		{5561CDF5-B4EB-4FA6-9D77-9EE4A9345E2D}.Release|Any CPU.Build.0 = Release|Any CPU
		{71FAEC69-BE7F-4B91-BD1F-054631C6D9AA}.Debug|Any CPU.ActiveCfg = Debug|Any CPU
		{71FAEC69-BE7F-4B91-BD1F-054631C6D9AA}.Debug|Any CPU.Build.0 = Debug|Any CPU
		{71FAEC69-BE7F-4B91-BD1F-054631C6D9AA}.Release|Any CPU.ActiveCfg = Release|Any CPU
		{71FAEC69-BE7F-4B91-BD1F-054631C6D9AA}.Release|Any CPU.Build.0 = Release|Any CPU
	EndGlobalSection
	GlobalSection(NestedProjects) = preSolution
		{9BA115A7-845A-4B3A-920F-D415BF8AE9AA} = {07EB3304-EFF7-4292-9108-F3E2338817C8}
		{4EA1AA3F-9C88-4284-8452-CE80E1F4C77C} = {AC2D8352-3B13-483B-9741-24A442AEA028}
		{2947DD5D-B31E-486A-BD45-D187883EDFDE} = {07EB3304-EFF7-4292-9108-F3E2338817C8}
		{C1512BEF-02C5-4148-A625-6D4B4F6F7488} = {AC2D8352-3B13-483B-9741-24A442AEA028}
		{D389CCA0-541A-444A-9946-5354DAA57B68} = {07EB3304-EFF7-4292-9108-F3E2338817C8}
		{08DF24EB-21D8-4830-B1A0-AD42F3B61EAA} = {07EB3304-EFF7-4292-9108-F3E2338817C8}
		{37DC829C-AB0C-44BB-9FA8-9C911C0F3CD7} = {AC2D8352-3B13-483B-9741-24A442AEA028}
		{1C17D45C-739E-4B07-8901-987A4F3EEC62} = {07EB3304-EFF7-4292-9108-F3E2338817C8}
		{5561CDF5-B4EB-4FA6-9D77-9EE4A9345E2D} = {07EB3304-EFF7-4292-9108-F3E2338817C8}
		{71FAEC69-BE7F-4B91-BD1F-054631C6D9AA} = {AC2D8352-3B13-483B-9741-24A442AEA028}
	EndGlobalSection
EndGlobal
